{
  "version": 4,
  "terraform_version": "1.6.6",
  "serial": 7,
  "lineage": "f81d4ed5-f61e-8b8d-e3c1-bb3b62f0f578",
  "outputs": {
    "application_urls": {
      "value": {
        "backend_api": "http://35.209.113.147:5000/api",
        "frontend": "http://35.209.113.147:3000",
        "health": "http://35.209.113.147:5000/api/health"
      },
      "type": [
        "object",
        {
          "backend_api": "string",
          "frontend": "string",
          "health": "string"
        }
      ]
    },
    "instance_details": {
      "value": {
        "external_ip": "35.209.113.147",
        "internal_ip": "10.128.0.3",
        "machine_type": "e2-medium",
        "name": "yolo-stage2-449ed244",
        "ssh_user": "ubuntu",
        "zone": "us-central1-a"
      },
      "type": [
        "object",
        {
          "external_ip": "string",
          "internal_ip": "string",
          "machine_type": "string",
          "name": "string",
          "ssh_user": "string",
          "zone": "string"
        }
      ]
    },
    "instance_internal_ip": {
      "value": "10.128.0.3",
      "type": "string"
    },
    "instance_ip": {
      "value": "35.209.113.147",
      "type": "string"
    },
    "instance_name": {
      "value": "yolo-stage2-449ed244",
      "type": "string"
    },
    "ssh_command": {
      "value": "ssh -i ~/.ssh/id_rsa ubuntu@35.209.113.147",
      "type": "string"
    }
  },
  "resources": [
    {
      "mode": "managed",
      "type": "google_compute_firewall",
      "name": "yolo_firewall",
      "provider": "provider[\"registry.terraform.io/hashicorp/google\"]",
      "instances": [
        {
          "schema_version": 1,
          "attributes": {
            "allow": [
              {
                "ports": [
                  "22",
                  "80",
                  "3000",
                  "5000"
                ],
                "protocol": "tcp"
              }
            ],
            "creation_timestamp": "2025-10-27T21:32:28.534-07:00",
            "deny": [],
            "description": "",
            "destination_ranges": [],
            "direction": "INGRESS",
            "disabled": false,
            "enable_logging": null,
            "id": "projects/ecommerce-476502/global/firewalls/yolo-firewall-449ed244",
            "log_config": [],
            "name": "yolo-firewall-449ed244",
            "network": "https://www.googleapis.com/compute/v1/projects/ecommerce-476502/global/networks/default",
            "priority": 1000,
            "project": "ecommerce-476502",
            "self_link": "https://www.googleapis.com/compute/v1/projects/ecommerce-476502/global/firewalls/yolo-firewall-449ed244",
            "source_ranges": [
              "0.0.0.0/0"
            ],
            "source_service_accounts": [],
            "source_tags": [],
            "target_service_accounts": [],
            "target_tags": [
              "yolo-server"
            ],
            "timeouts": null
          },
          "sensitive_attributes": [],
          "private": "eyJlMmJmYjczMC1lY2FhLTExZTYtOGY4OC0zNDM2M2JjN2M0YzAiOnsiY3JlYXRlIjoxMjAwMDAwMDAwMDAwLCJkZWxldGUiOjEyMDAwMDAwMDAwMDAsInVwZGF0ZSI6MTIwMDAwMDAwMDAwMH0sInNjaGVtYV92ZXJzaW9uIjoiMSJ9",
          "dependencies": [
            "random_id.suffix"
          ]
        }
      ]
    },
    {
      "mode": "managed",
      "type": "google_compute_instance",
      "name": "yolo_server",
      "provider": "provider[\"registry.terraform.io/hashicorp/google\"]",
      "instances": [
        {
          "schema_version": 6,
          "attributes": {
            "advanced_machine_features": [],
            "allow_stopping_for_update": null,
            "attached_disk": [],
            "boot_disk": [
              {
                "auto_delete": true,
                "device_name": "persistent-disk-0",
                "disk_encryption_key_raw": "",
                "disk_encryption_key_sha256": "",
                "initialize_params": [
                  {
                    "enable_confidential_compute": false,
                    "image": "https://www.googleapis.com/compute/v1/projects/ubuntu-os-cloud/global/images/ubuntu-2204-jammy-v20251023",
                    "labels": {},
                    "provisioned_iops": 0,
                    "provisioned_throughput": 0,
                    "resource_manager_tags": {},
                    "size": 20,
                    "storage_pool": "",
                    "type": "pd-standard"
                  }
                ],
                "kms_key_self_link": "",
                "mode": "READ_WRITE",
                "source": "https://www.googleapis.com/compute/v1/projects/ecommerce-476502/zones/us-central1-a/disks/yolo-stage2-449ed244"
              }
            ],
            "can_ip_forward": false,
            "confidential_instance_config": [],
            "cpu_platform": "Intel Broadwell",
            "current_status": "RUNNING",
            "deletion_protection": false,
            "description": "",
            "desired_status": null,
            "effective_labels": {
              "environment": "stage2",
              "project": "yolo-ecommerce",
              "stage": "stage2"
            },
            "enable_display": false,
            "guest_accelerator": [],
            "hostname": "",
            "id": "projects/ecommerce-476502/zones/us-central1-a/instances/yolo-stage2-449ed244",
            "instance_id": "7784125453914994967",
            "label_fingerprint": "HZEJaWGFHPs=",
            "labels": {
              "environment": "stage2",
              "project": "yolo-ecommerce",
              "stage": "stage2"
            },
            "machine_type": "e2-medium",
            "metadata": {
              "ssh-keys": "ubuntu:ssh-rsa AAAAB3NzaC1yc2EAAAADAQABAAABAQC2o5dvKSW+TZCzRaGSLLtvchpRTdBG1WM+FmqobUb7JBAJ2FS3wL17sNrsxx7lFY3sOOd2h6yXp91se4VGnq8naFFASJ32gh3FJT4yARGbUb6BS5rCUEvesYNRNlLrnS3uRoaBfRykZ76tAeg71CXZtyC3XoGPf5NMQnszT1WzsWhyraDyApX6sxgF6NFJMer6FQ6lm86bhmkS6AyEV43a+rJ8iPkaLHCdUzOcxYZzOXWsPrpqo7xAH6EchwOMm8r8zIK+m6zHlDyDpVcDJy4IVcOyKtOvlw6KkVI+eIsodlcMY+/noswfDdJBR98AFtZytd3IezEjqyioAzAi4Skz Generated for YOLO Stage 2 GCP deployment\n",
              "startup-script": "#!/bin/bash\napt-get update\napt-get install -y python3 python3-pip\npip3 install docker\n"
            },
            "metadata_fingerprint": "7tPprRYYEWY=",
            "metadata_startup_script": null,
            "min_cpu_platform": "",
            "name": "yolo-stage2-449ed244",
            "network_interface": [
              {
                "access_config": [
                  {
                    "nat_ip": "35.209.113.147",
                    "network_tier": "STANDARD",
                    "public_ptr_domain_name": ""
                  }
                ],
                "alias_ip_range": [],
                "internal_ipv6_prefix_length": 0,
                "ipv6_access_config": [],
                "ipv6_access_type": "",
                "ipv6_address": "",
                "name": "nic0",
                "network": "https://www.googleapis.com/compute/v1/projects/ecommerce-476502/global/networks/default",
                "network_ip": "10.128.0.3",
                "nic_type": "",
                "queue_count": 0,
                "stack_type": "IPV4_ONLY",
                "subnetwork": "https://www.googleapis.com/compute/v1/projects/ecommerce-476502/regions/us-central1/subnetworks/default",
                "subnetwork_project": "ecommerce-476502"
              }
            ],
            "network_performance_config": [],
            "params": [],
            "project": "ecommerce-476502",
            "reservation_affinity": [],
            "resource_policies": [],
            "scheduling": [
              {
                "automatic_restart": true,
                "instance_termination_action": "",
                "local_ssd_recovery_timeout": [],
                "max_run_duration": [],
                "min_node_cpus": 0,
                "node_affinities": [],
                "on_host_maintenance": "MIGRATE",
                "on_instance_stop_action": [],
                "preemptible": false,
                "provisioning_model": "STANDARD"
              }
            ],
            "scratch_disk": [],
            "self_link": "https://www.googleapis.com/compute/v1/projects/ecommerce-476502/zones/us-central1-a/instances/yolo-stage2-449ed244",
            "service_account": [],
            "shielded_instance_config": [
              {
                "enable_integrity_monitoring": true,
                "enable_secure_boot": false,
                "enable_vtpm": true
              }
            ],
            "tags": [
              "yolo-server"
            ],
            "tags_fingerprint": "2gJ0OItQPeE=",
            "terraform_labels": {
              "environment": "stage2",
              "project": "yolo-ecommerce",
              "stage": "stage2"
            },
            "timeouts": null,
            "zone": "us-central1-a"
          },
          "sensitive_attributes": [],
          "private": "eyJlMmJmYjczMC1lY2FhLTExZTYtOGY4OC0zNDM2M2JjN2M0YzAiOnsiY3JlYXRlIjoxMjAwMDAwMDAwMDAwLCJkZWxldGUiOjEyMDAwMDAwMDAwMDAsInVwZGF0ZSI6MTIwMDAwMDAwMDAwMH0sInNjaGVtYV92ZXJzaW9uIjoiNiJ9",
          "dependencies": [
            "random_id.suffix"
          ]
        }
      ]
    },
    {
      "mode": "managed",
      "type": "random_id",
      "name": "suffix",
      "provider": "provider[\"registry.terraform.io/hashicorp/random\"]",
      "instances": [
        {
          "schema_version": 0,
          "attributes": {
            "b64_std": "RJ7SRA==",
            "b64_url": "RJ7SRA",
            "byte_length": 4,
            "dec": "1151259204",
            "hex": "449ed244",
            "id": "RJ7SRA",
            "keepers": null,
            "prefix": null
          },
          "sensitive_attributes": []
        }
      ]
    }
  ],
  "check_results": null
}
